{
  "name": "geospatial-grpc-typescript-certification-runner",
  "lockfileVersion": 3,
  "requires": true,
  "packages": {
    "": {
      "name": "geospatial-grpc-typescript-certification-runner",
      "dependencies": {
        "@bufbuild/protobuf": "2.15.0",
        "@connectrpc/connect": "2.2.0",
        "@connectrpc/connect-node": "2.2.0",
        "@honua/geospatial-grpc": "1.0.0"
      },
      "engines": {
        "node": ">=22"
      }
    },
    "node_modules/@bufbuild/protobuf": {
      "version": "2.15.0",
      "resolved": "https://registry.npmjs.org/@bufbuild/protobuf/-/protobuf-2.15.0.tgz",
      "integrity": "sha512-DAheWUkVr/SJTWCc+lg9dhY0eN4SaWlf4+bG1KzHeXbnqt0AfB/NX0Z+VunGlM1ki1B4zVvye27MpKh/svySUA==",
      "license": "(Apache-2.0 AND BSD-3-Clause)"
    },
    "node_modules/@connectrpc/connect": {
      "version": "2.2.0",
      "resolved": "https://registry.npmjs.org/@connectrpc/connect/-/connect-2.2.0.tgz",
      "integrity": "sha512-M63OQ1ZFcPUm85CuewJ9G9CMV8LjzGR9935xOnXNQGSazAbwMb3x2W7vXBYM1zqrP7XFD8uxp/dUAhirclgwnQ==",
      "license": "Apache-2.0",
      "peerDependencies": {
        "@bufbuild/protobuf": "^2.7.0"
      }
    },
    "node_modules/@connectrpc/connect-node": {
      "version": "2.2.0",
      "resolved": "https://registry.npmjs.org/@connectrpc/connect-node/-/connect-node-2.2.0.tgz",
      "integrity": "sha512-E6uUO6e11WdynAuBjuN+0WpHjqxEM9BNDdfDIJHcn49Esg/WxSIbn2y1KFt9XL96IJi01qdBbvubcdpBz1X3Zw==",
      "license": "Apache-2.0",
      "engines": {
        "node": ">=22"
      },
      "peerDependencies": {
        "@bufbuild/protobuf": "^2.7.0",
        "@connectrpc/connect": "2.2.0"
      }
    },
    "node_modules/@honua/geospatial-grpc": {
      "version": "1.0.0",
      "resolved": "https://registry.npmjs.org/@honua/geospatial-grpc/-/geospatial-grpc-1.0.0.tgz",
      "integrity": "sha512-UC4J0rlx4x+5FA37W0ArMgQ980MNRNipJq9ZKbAkVJXP70g+Y3KcH7mBW8GSmVx8R3ZhtdyFxDWhOCXMAvvkWg==",
      "license": "Apache-2.0",
      "dependencies": {
        "@bufbuild/protobuf": "^2.7.0"
      },
      "engines": {
        "node": ">=20"
      }
    }
  }
}
